
Microsoft Visual Studio Solution File, Format Version 12.00
# Visual Studio Version 17
VisualStudioVersion = 17.13.35507.96
MinimumVisualStudioVersion = 10.0.40219.1
Project("{2150E333-8FDC-42A3-9474-1A3956D46DE8}") = "DataAccess", "DataAccess", "{548BC0D7-6C43-4DCA-A57B-1C8401AB1635}"
EndProject
Project("{2150E333-8FDC-42A3-9474-1A3956D46DE8}") = "Shared", "Shared", "{5BDF02B4-43E8-43ED-A5C0-EAE81536724C}"
EndProject
Project("{2150E333-8FDC-42A3-9474-1A3956D46DE8}") = "Services", "Services", "{F4B1ACF8-B286-4989-AAB1-5ADFDCA3AF28}"
EndProject
Project("{2150E333-8FDC-42A3-9474-1A3956D46DE8}") = "UI", "UI", "{B672636C-C876-41FA-8A9D-2E12FE53F0F4}"
EndProject
Project("{2150E333-8FDC-42A3-9474-1A3956D46DE8}") = "src", "src", "{02EA681E-C7D8-13C7-8484-4AC65E1B71E8}"
EndProject
Project("{FAE04EC0-301F-11D3-BF4B-00C04F79EFBC}") = "DataAccess", "src\DataAccess\DataAccess\DataAccess.csproj", "{532E9ACC-550C-44B9-936A-A9429C5E4F0B}"
EndProject
Project("{FAE04EC0-301F-11D3-BF4B-00C04F79EFBC}") = "Services", "src\Services\Services\Services.csproj", "{E88F5158-F124-4CA6-B8F9-9FC9701EA0C8}"
EndProject
Project("{FAE04EC0-301F-11D3-BF4B-00C04F79EFBC}") = "Shared", "src\Shared\Shared\Shared.csproj", "{A87088F0-83E6-4777-A3B4-7223E78AAAE7}"
EndProject
Project("{FAE04EC0-301F-11D3-BF4B-00C04F79EFBC}") = "UI", "src\UI\UI\UI.csproj", "{672CEA0E-D9E6-4867-91C3-0DFFE344DA0C}"
EndProject
Global
	GlobalSection(SolutionConfigurationPlatforms) = preSolution
		Debug|Any CPU = Debug|Any CPU
		Release|Any CPU = Release|Any CPU
	EndGlobalSection
	GlobalSection(ProjectConfigurationPlatforms) = postSolution
		{532E9ACC-550C-44B9-936A-A9429C5E4F0B}.Debug|Any CPU.ActiveCfg = Debug|Any CPU
		{532E9ACC-550C-44B9-936A-A9429C5E4F0B}.Debug|Any CPU.Build.0 = Debug|Any CPU
		{532E9ACC-550C-44B9-936A-A9429C5E4F0B}.Release|Any CPU.ActiveCfg = Release|Any CPU
		{532E9ACC-550C-44B9-936A-A9429C5E4F0B}.Release|Any CPU.Build.0 = Release|Any CPU
		{E88F5158-F124-4CA6-B8F9-9FC9701EA0C8}.Debug|Any CPU.ActiveCfg = Debug|Any CPU
		{E88F5158-F124-4CA6-B8F9-9FC9701EA0C8}.Debug|Any CPU.Build.0 = Debug|Any CPU
		{E88F5158-F124-4CA6-B8F9-9FC9701EA0C8}.Release|Any CPU.ActiveCfg = Release|Any CPU
		{E88F5158-F124-4CA6-B8F9-9FC9701EA0C8}.Release|Any CPU.Build.0 = Release|Any CPU
		{A87088F0-83E6-4777-A3B4-7223E78AAAE7}.Debug|Any CPU.ActiveCfg = Debug|Any CPU
		{A87088F0-83E6-4777-A3B4-7223E78AAAE7}.Debug|Any CPU.Build.0 = Debug|Any CPU
		{A87088F0-83E6-4777-A3B4-7223E78AAAE7}.Release|Any CPU.ActiveCfg = Release|Any CPU
		{A87088F0-83E6-4777-A3B4-7223E78AAAE7}.Release|Any CPU.Build.0 = Release|Any CPU
		{672CEA0E-D9E6-4867-91C3-0DFFE344DA0C}.Debug|Any CPU.ActiveCfg = Debug|Any CPU
		{672CEA0E-D9E6-4867-91C3-0DFFE344DA0C}.Debug|Any CPU.Build.0 = Debug|Any CPU
		{672CEA0E-D9E6-4867-91C3-0DFFE344DA0C}.Release|Any CPU.ActiveCfg = Release|Any CPU
		{672CEA0E-D9E6-4867-91C3-0DFFE344DA0C}.Release|Any CPU.Build.0 = Release|Any CPU
	EndGlobalSection
	GlobalSection(SolutionProperties) = preSolution
		HideSolutionNode = FALSE
	EndGlobalSection
	GlobalSection(NestedProjects) = preSolution
		{548BC0D7-6C43-4DCA-A57B-1C8401AB1635} = {02EA681E-C7D8-13C7-8484-4AC65E1B71E8}
		{5BDF02B4-43E8-43ED-A5C0-EAE81536724C} = {02EA681E-C7D8-13C7-8484-4AC65E1B71E8}
		{F4B1ACF8-B286-4989-AAB1-5ADFDCA3AF28} = {02EA681E-C7D8-13C7-8484-4AC65E1B71E8}
		{B672636C-C876-41FA-8A9D-2E12FE53F0F4} = {02EA681E-C7D8-13C7-8484-4AC65E1B71E8}
		{532E9ACC-550C-44B9-936A-A9429C5E4F0B} = {548BC0D7-6C43-4DCA-A57B-1C8401AB1635}
		{E88F5158-F124-4CA6-B8F9-9FC9701EA0C8} = {F4B1ACF8-B286-4989-AAB1-5ADFDCA3AF28}
		{A87088F0-83E6-4777-A3B4-7223E78AAAE7} = {5BDF02B4-43E8-43ED-A5C0-EAE81536724C}
		{672CEA0E-D9E6-4867-91C3-0DFFE344DA0C} = {B672636C-C876-41FA-8A9D-2E12FE53F0F4}
	EndGlobalSection
	GlobalSection(ExtensibilityGlobals) = postSolution
		SolutionGuid = {74ED91C5-514B-4545-881F-AC4E0922F392}
	EndGlobalSection
EndGlobal
